
Microsoft Visual Studio Solution File, Format Version 12.00
# Visual Studio Version 16
VisualStudioVersion = 16.0.30711.63
MinimumVisualStudioVersion = 10.0.40219.1
Project("{9A19103F-16F7-4668-BE54-9A1E7A4F7556}") = "Files", "FileReading\Files.csproj", "{D12864E0-CD96-423E-830D-A1BC6D8FEB1E}"
EndProject
Project("{9A19103F-16F7-4668-BE54-9A1E7A4F7556}") = "FileReadingTest", "FileReadingTest\FileReadingTest.csproj", "{15B72769-8DFA-4B5B-A527-6807BEBAB31C}"
EndProject
Global
	GlobalSection(SolutionConfigurationPlatforms) = preSolution
		Debug|Any CPU = Debug|Any CPU
		Release|Any CPU = Release|Any CPU
	EndGlobalSection
	GlobalSection(ProjectConfigurationPlatforms) = postSolution
		{D12864E0-CD96-423E-830D-A1BC6D8FEB1E}.Debug|Any CPU.ActiveCfg = Debug|Any CPU
		{D12864E0-CD96-423E-830D-A1BC6D8FEB1E}.Debug|Any CPU.Build.0 = Debug|Any CPU
		{D12864E0-CD96-423E-830D-A1BC6D8FEB1E}.Release|Any CPU.ActiveCfg = Release|Any CPU
		{D12864E0-CD96-423E-830D-A1BC6D8FEB1E}.Release|Any CPU.Build.0 = Release|Any CPU
		{15B72769-8DFA-4B5B-A527-6807BEBAB31C}.Debug|Any CPU.ActiveCfg = Debug|Any CPU
		{15B72769-8DFA-4B5B-A527-6807BEBAB31C}.Debug|Any CPU.Build.0 = Debug|Any CPU
		{15B72769-8DFA-4B5B-A527-6807BEBAB31C}.Release|Any CPU.ActiveCfg = Release|Any CPU
		{15B72769-8DFA-4B5B-A527-6807BEBAB31C}.Release|Any CPU.Build.0 = Release|Any CPU
	EndGlobalSection
	GlobalSection(SolutionProperties) = preSolution
		HideSolutionNode = FALSE
	EndGlobalSection
	GlobalSection(ExtensibilityGlobals) = postSolution
		SolutionGuid = {CBEEE4FF-88B3-4A47-9294-7B23C2E6FB8A}
	EndGlobalSection
EndGlobal
